
Microsoft Visual Studio Solution File, Format Version 12.00
# Visual Studio Version 17
VisualStudioVersion = 17.5.33530.505
MinimumVisualStudioVersion = 10.0.40219.1
Project("{FAE04EC0-301F-11D3-BF4B-00C04F79EFBC}") = "WebApplication1", "WebApplication1\WebApplication1.csproj", "{724C79CB-4B45-4827-AD8F-FF8DEDE1BB1E}"
EndProject
Global
	GlobalSection(SolutionConfigurationPlatforms) = preSolution
		Debug|Any CPU = Debug|Any CPU
		Release|Any CPU = Release|Any CPU
	EndGlobalSection
	GlobalSection(ProjectConfigurationPlatforms) = postSolution
		{724C79CB-4B45-4827-AD8F-FF8DEDE1BB1E}.Debug|Any CPU.ActiveCfg = Debug|Any CPU
		{724C79CB-4B45-4827-AD8F-FF8DEDE1BB1E}.Debug|Any CPU.Build.0 = Debug|Any CPU
		{724C79CB-4B45-4827-AD8F-FF8DEDE1BB1E}.Release|Any CPU.ActiveCfg = Release|Any CPU
		{724C79CB-4B45-4827-AD8F-FF8DEDE1BB1E}.Release|Any CPU.Build.0 = Release|Any CPU
	EndGlobalSection
	GlobalSection(SolutionProperties) = preSolution
		HideSolutionNode = FALSE
	EndGlobalSection
	GlobalSection(ExtensibilityGlobals) = postSolution
		SolutionGuid = {2DA693D8-77A6-428D-BE8A-FE7E93FF642A}
	EndGlobalSection
EndGlobal
